
Microsoft Visual Studio Solution File, Format Version 12.00
# Visual Studio Version 17
VisualStudioVersion = 17.6.33815.320
MinimumVisualStudioVersion = 10.0.40219.1
Project("{FAE04EC0-301F-11D3-BF4B-00C04F79EFBC}") = "PopcornHelper", "PopcornHelper\PopcornHelper.csproj", "{9FBB1B91-8C23-4890-A936-ACB26B78CD72}"
EndProject
Global
	GlobalSection(SolutionConfigurationPlatforms) = preSolution
		Debug|Any CPU = Debug|Any CPU
		Release|Any CPU = Release|Any CPU
	EndGlobalSection
	GlobalSection(ProjectConfigurationPlatforms) = postSolution
		{9FBB1B91-8C23-4890-A936-ACB26B78CD72}.Debug|Any CPU.ActiveCfg = Debug|Any CPU
		{9FBB1B91-8C23-4890-A936-ACB26B78CD72}.Debug|Any CPU.Build.0 = Debug|Any CPU
		{9FBB1B91-8C23-4890-A936-ACB26B78CD72}.Debug|Any CPU.Deploy.0 = Debug|Any CPU
		{9FBB1B91-8C23-4890-A936-ACB26B78CD72}.Release|Any CPU.ActiveCfg = Release|Any CPU
		{9FBB1B91-8C23-4890-A936-ACB26B78CD72}.Release|Any CPU.Build.0 = Release|Any CPU
		{9FBB1B91-8C23-4890-A936-ACB26B78CD72}.Release|Any CPU.Deploy.0 = Release|Any CPU
	EndGlobalSection
	GlobalSection(SolutionProperties) = preSolution
		HideSolutionNode = FALSE
	EndGlobalSection
	GlobalSection(ExtensibilityGlobals) = postSolution
		SolutionGuid = {42652E64-9533-4A45-91EB-39CA6CB5BB38}
	EndGlobalSection
EndGlobal
